{
    "_readme": [
        "This file locks the dependencies of your project to a known state",
        "Read more about it at http://getcomposer.org/doc/01-basic-usage.md#composer-lock-the-lock-file",
        "This file is @generated automatically"
    ],
    "hash": "632793245baffbf95defae7168ee0a5b",
    "packages": [
        {
            "name": "white/white",
            "version": "v2.0.2",
            "source": {
                "type": "git",
                "url": "https://github.com/WhitePayments/white-php.git",
                "reference": "cccd87b91f560f27d9b5e5506b0cafe3c4ed449c"
            },
            "dist": {
                "type": "zip",
                "url": "https://api.github.com/repos/WhitePayments/white-php/zipball/cccd87b91f560f27d9b5e5506b0cafe3c4ed449c",
                "reference": "cccd87b91f560f27d9b5e5506b0cafe3c4ed449c",
                "shasum": ""
            },
            "require-dev": {
                "phpunit/phpunit": "4.2.*"
            },
            "type": "library",
            "autoload": {
                "psr-0": {
                    "White": "src/",
                    "White\\Test": "tests/"
                }
            },
            "notification-url": "https://packagist.org/downloads/",
            "description": "White makes accepting online payments in the Middle East a piece of cake",
            "time": "2015-01-26 08:55:21"
        }
    ],
    "packages-dev": [],
    "aliases": [],
    "minimum-stability": "dev",
    "stability-flags": [],
    "prefer-stable": false,
    "prefer-lowest": false,
    "platform": {
        "php": ">=5.2.0"
    },
    "platform-dev": []
}
